
Microsoft Visual Studio Solution File, Format Version 12.00
# Visual Studio Version 17
VisualStudioVersion = 17.1.32421.90
MinimumVisualStudioVersion = 10.0.40219.1
Project("{FAE04EC0-301F-11D3-BF4B-00C04F79EFBC}") = "GenericSearchInfo", "GenericSearchInfo\GenericSearchInfo.csproj", "{4724AE95-95D4-4DA8-AE8D-020A143E673E}"
EndProject
Global
	GlobalSection(SolutionConfigurationPlatforms) = preSolution
		Debug|Any CPU = Debug|Any CPU
		Release|Any CPU = Release|Any CPU
	EndGlobalSection
	GlobalSection(ProjectConfigurationPlatforms) = postSolution
		{4724AE95-95D4-4DA8-AE8D-020A143E673E}.Debug|Any CPU.ActiveCfg = Debug|Any CPU
		{4724AE95-95D4-4DA8-AE8D-020A143E673E}.Debug|Any CPU.Build.0 = Debug|Any CPU
		{4724AE95-95D4-4DA8-AE8D-020A143E673E}.Release|Any CPU.ActiveCfg = Release|Any CPU
		{4724AE95-95D4-4DA8-AE8D-020A143E673E}.Release|Any CPU.Build.0 = Release|Any CPU
	EndGlobalSection
	GlobalSection(SolutionProperties) = preSolution
		HideSolutionNode = FALSE
	EndGlobalSection
	GlobalSection(ExtensibilityGlobals) = postSolution
		SolutionGuid = {367ECA8A-7D33-4757-8D9D-5D2853AED781}
	EndGlobalSection
EndGlobal
